
Microsoft Visual Studio Solution File, Format Version 12.00
# Visual Studio Version 16
VisualStudioVersion = 16.0.30128.74
MinimumVisualStudioVersion = 10.0.40219.1
Project("{FAE04EC0-301F-11D3-BF4B-00C04F79EFBC}") = "EmailLab", "EmailLab\EmailLab.csproj", "{E087D910-A934-43B9-8894-221AE2AAE7FF}"
EndProject
Global
	GlobalSection(SolutionConfigurationPlatforms) = preSolution
		Debug|Any CPU = Debug|Any CPU
		Release|Any CPU = Release|Any CPU
	EndGlobalSection
	GlobalSection(ProjectConfigurationPlatforms) = postSolution
		{E087D910-A934-43B9-8894-221AE2AAE7FF}.Debug|Any CPU.ActiveCfg = Debug|Any CPU
		{E087D910-A934-43B9-8894-221AE2AAE7FF}.Debug|Any CPU.Build.0 = Debug|Any CPU
		{E087D910-A934-43B9-8894-221AE2AAE7FF}.Release|Any CPU.ActiveCfg = Release|Any CPU
		{E087D910-A934-43B9-8894-221AE2AAE7FF}.Release|Any CPU.Build.0 = Release|Any CPU
	EndGlobalSection
	GlobalSection(SolutionProperties) = preSolution
		HideSolutionNode = FALSE
	EndGlobalSection
	GlobalSection(ExtensibilityGlobals) = postSolution
		SolutionGuid = {F54F1AF4-BB21-49B8-9811-82495EE39031}
	EndGlobalSection
EndGlobal
